Microsoft Visual Studio Solution File, Format Version 12.00
# Visual Studio Version 17
VisualStudioVersion = 17.0.31903.59
MinimumVisualStudioVersion = 10.0.40219.1
Project("{FAE04EC0-301F-11D3-BF4B-00C04F79EFBC}") = "TimeZoneCoverage.Api", "src\TimeZoneCoverage.Api\TimeZoneCoverage.Api.csproj", "{8B2F9911-0C9D-4B19-9AA1-AF9B6E2F1111}"
EndProject
Project("{FAE04EC0-301F-11D3-BF4B-00C04F79EFBC}") = "TimeZoneCoverage.Api.Tests", "tests\TimeZoneCoverage.Api.Tests\TimeZoneCoverage.Api.Tests.csproj", "{E84CB43A-673F-4601-A8E9-0FE50476F222}"
EndProject
Global
	GlobalSection(SolutionConfigurationPlatforms) = preSolution
		Debug|Any CPU = Debug|Any CPU
		Release|Any CPU = Release|Any CPU
	EndGlobalSection
	GlobalSection(ProjectConfigurationPlatforms) = postSolution
		{8B2F9911-0C9D-4B19-9AA1-AF9B6E2F1111}.Debug|Any CPU.ActiveCfg = Debug|Any CPU
		{8B2F9911-0C9D-4B19-9AA1-AF9B6E2F1111}.Debug|Any CPU.Build.0 = Debug|Any CPU
		{8B2F9911-0C9D-4B19-9AA1-AF9B6E2F1111}.Release|Any CPU.ActiveCfg = Release|Any CPU
		{8B2F9911-0C9D-4B19-9AA1-AF9B6E2F1111}.Release|Any CPU.Build.0 = Release|Any CPU
		{E84CB43A-673F-4601-A8E9-0FE50476F222}.Debug|Any CPU.ActiveCfg = Debug|Any CPU
		{E84CB43A-673F-4601-A8E9-0FE50476F222}.Debug|Any CPU.Build.0 = Debug|Any CPU
		{E84CB43A-673F-4601-A8E9-0FE50476F222}.Release|Any CPU.ActiveCfg = Release|Any CPU
		{E84CB43A-673F-4601-A8E9-0FE50476F222}.Release|Any CPU.Build.0 = Release|Any CPU
	EndGlobalSection
	GlobalSection(SolutionProperties) = preSolution
		HideSolutionNode = FALSE
	EndGlobalSection
EndGlobal
